PODS:
  - AsyncOpKit (0.1.0)
  - Nimble (0.4.2)
  - Quick (0.3.1)

DEPENDENCIES:
  - AsyncOpKit (from `../`)
  - Nimble
  - Quick

EXTERNAL SOURCES:
  AsyncOpKit:
    :path: ../

SPEC CHECKSUMS:
  AsyncOpKit: 943dff82ee586d1cd2c2374e5a502fd0a89822cc
  Nimble: 49b7a7da8919f42823d37c6d68cc6d15a7009f32
  Quick: 824572d3d198d51e52cf4aa722cebf7e59952a35

COCOAPODS: 0.37.1
