PODS:
  - AsyncOpKit (0.1.0)
  - Nimble (0.4.2)
  - Quick (0.3.1)

DEPENDENCIES:
  - AsyncOpKit (from `../`)
  - Nimble
  - Quick

EXTERNAL SOURCES:
  AsyncOpKit:
    :path: "../"

SPEC CHECKSUMS:
  AsyncOpKit: 797ddcc55ae080adbf2697906fdbe164610beb69
  Nimble: 49b7a7da8919f42823d37c6d68cc6d15a7009f32
  Quick: 824572d3d198d51e52cf4aa722cebf7e59952a35

COCOAPODS: 0.37.1
