// !$*UTF8*$!
{
	archiveVersion = 1;
	classes = {
	};
	objectVersion = 46;
	objects = {

/* Begin PBXBuildFile section */
		850B0F751BBCCB9C00553E91 /* AsyncOpGroup.swift in Sources */ = {isa = PBXBuildFile; fileRef = 850B0F741BBCCB9C00553E91 /* AsyncOpGroup.swift */; };
		850B0F781BBCCBD800553E91 /* AsyncOpGroupTests.swift in Sources */ = {isa = PBXBuildFile; fileRef = 850B0F761BBCCBD800553E91 /* AsyncOpGroupTests.swift */; };
		8516EFC71BA10B9B0079ADB8 /* AsyncOp.swift in Sources */ = {isa = PBXBuildFile; fileRef = 8516EFB01BA10B9B0079ADB8 /* AsyncOp.swift */; };
		8516EFC81BA10B9B0079ADB8 /* AsyncOpTypes.swift in Sources */ = {isa = PBXBuildFile; fileRef = 8516EFB11BA10B9B0079ADB8 /* AsyncOpTypes.swift */; };
		8516EFC91BA10B9B0079ADB8 /* AsyncClosuresOperation.swift in Sources */ = {isa = PBXBuildFile; fileRef = 8516EFB31BA10B9B0079ADB8 /* AsyncClosuresOperation.swift */; };
		8516EFCA1BA10B9B0079ADB8 /* AsyncOperation.swift in Sources */ = {isa = PBXBuildFile; fileRef = 8516EFB41BA10B9B0079ADB8 /* AsyncOperation.swift */; };
		8516EFCB1BA10B9B0079ADB8 /* AsyncOpKit.swift in Sources */ = {isa = PBXBuildFile; fileRef = 8516EFB51BA10B9B0079ADB8 /* AsyncOpKit.swift */; };
		8516EFDA1BA10BAE0079ADB8 /* ClosureTestsFile.swift in Sources */ = {isa = PBXBuildFile; fileRef = 8516EFB91BA10B9B0079ADB8 /* ClosureTestsFile.swift */; };
		8516EFDB1BA10BAE0079ADB8 /* Tests.swift in Sources */ = {isa = PBXBuildFile; fileRef = 8516EFBB1BA10B9B0079ADB8 /* Tests.swift */; };
		8516EFDC1BA10BB30079ADB8 /* AsyncOpAutomaticInputTests.swift in Sources */ = {isa = PBXBuildFile; fileRef = 8516EFBD1BA10B9B0079ADB8 /* AsyncOpAutomaticInputTests.swift */; };
		8516EFDD1BA10BB30079ADB8 /* AsyncOpFinishOverloadsTesting.swift in Sources */ = {isa = PBXBuildFile; fileRef = 8516EFBE1BA10B9B0079ADB8 /* AsyncOpFinishOverloadsTesting.swift */; };
		8516EFDE1BA10BB30079ADB8 /* AsyncOpManualInputTests.swift in Sources */ = {isa = PBXBuildFile; fileRef = 8516EFBF1BA10B9B0079ADB8 /* AsyncOpManualInputTests.swift */; };
		8516EFDF1BA10BB30079ADB8 /* AsyncOpPreconditionEvaluatorTests.swift in Sources */ = {isa = PBXBuildFile; fileRef = 8516EFC01BA10B9B0079ADB8 /* AsyncOpPreconditionEvaluatorTests.swift */; };
		8516EFE01BA10BB30079ADB8 /* AsyncOpResultStatusTests.swift in Sources */ = {isa = PBXBuildFile; fileRef = 8516EFC11BA10B9B0079ADB8 /* AsyncOpResultStatusTests.swift */; };
		8516EFE11BA10BB30079ADB8 /* AsyncOpSubclass.swift in Sources */ = {isa = PBXBuildFile; fileRef = 8516EFC21BA10B9B0079ADB8 /* AsyncOpSubclass.swift */; };
		8516EFE21BA10BB30079ADB8 /* AsyncOpTests.swift in Sources */ = {isa = PBXBuildFile; fileRef = 8516EFC31BA10B9B0079ADB8 /* AsyncOpTests.swift */; };
		8516EFE31BA10BB30079ADB8 /* AsyncOpThrowTests.swift in Sources */ = {isa = PBXBuildFile; fileRef = 8516EFC41BA10B9B0079ADB8 /* AsyncOpThrowTests.swift */; };
		8516EFE41BA10BB30079ADB8 /* AsyncOpWhenFinished.swift in Sources */ = {isa = PBXBuildFile; fileRef = 8516EFC51BA10B9B0079ADB8 /* AsyncOpWhenFinished.swift */; };
		85992A731C27A7AB00074473 /* Nimble.framework in Frameworks */ = {isa = PBXBuildFile; fileRef = 85992A721C27A7AB00074473 /* Nimble.framework */; };
		85992A751C27A7B700074473 /* Quick.framework in Frameworks */ = {isa = PBXBuildFile; fileRef = 85992A741C27A7B700074473 /* Quick.framework */; };
		85A678A81C16625E00512283 /* AsyncOpKit.h in Headers */ = {isa = PBXBuildFile; fileRef = 85A678A71C16625E00512283 /* AsyncOpKit.h */; settings = {ATTRIBUTES = (Public, ); }; };
/* End PBXBuildFile section */

/* Begin PBXContainerItemProxy section */
		85BE3E581B2CBDAE00558DEC /* PBXContainerItemProxy */ = {
			isa = PBXContainerItemProxy;
			containerPortal = 85BE3E421B2CBDAE00558DEC /* Project object */;
			proxyType = 1;
			remoteGlobalIDString = 85BE3E4A1B2CBDAE00558DEC;
			remoteInfo = AsyncOpKit;
		};
/* End PBXContainerItemProxy section */

/* Begin PBXFileReference section */
		850B0F741BBCCB9C00553E91 /* AsyncOpGroup.swift */ = {isa = PBXFileReference; fileEncoding = 4; lastKnownFileType = sourcecode.swift; path = AsyncOpGroup.swift; sourceTree = "<group>"; };
		850B0F761BBCCBD800553E91 /* AsyncOpGroupTests.swift */ = {isa = PBXFileReference; fileEncoding = 4; lastKnownFileType = sourcecode.swift; path = AsyncOpGroupTests.swift; sourceTree = "<group>"; };
		850DD1D11B2D6CD40039EB71 /* AsyncOpKit.podspec */ = {isa = PBXFileReference; lastKnownFileType = text; path = AsyncOpKit.podspec; sourceTree = "<group>"; xcLanguageSpecificationIdentifier = xcode.lang.ruby; };
		850DD1D21B2D6CD40039EB71 /* LICENSE */ = {isa = PBXFileReference; lastKnownFileType = text; path = LICENSE; sourceTree = "<group>"; };
		850DD1D31B2D6CD40039EB71 /* README.md */ = {isa = PBXFileReference; lastKnownFileType = net.daringfireball.markdown; path = README.md; sourceTree = "<group>"; };
		8516EFB01BA10B9B0079ADB8 /* AsyncOp.swift */ = {isa = PBXFileReference; fileEncoding = 4; lastKnownFileType = sourcecode.swift; path = AsyncOp.swift; sourceTree = "<group>"; };
		8516EFB11BA10B9B0079ADB8 /* AsyncOpTypes.swift */ = {isa = PBXFileReference; fileEncoding = 4; lastKnownFileType = sourcecode.swift; path = AsyncOpTypes.swift; sourceTree = "<group>"; };
		8516EFB31BA10B9B0079ADB8 /* AsyncClosuresOperation.swift */ = {isa = PBXFileReference; fileEncoding = 4; lastKnownFileType = sourcecode.swift; path = AsyncClosuresOperation.swift; sourceTree = "<group>"; };
		8516EFB41BA10B9B0079ADB8 /* AsyncOperation.swift */ = {isa = PBXFileReference; fileEncoding = 4; lastKnownFileType = sourcecode.swift; path = AsyncOperation.swift; sourceTree = "<group>"; };
		8516EFB51BA10B9B0079ADB8 /* AsyncOpKit.swift */ = {isa = PBXFileReference; fileEncoding = 4; lastKnownFileType = sourcecode.swift; path = AsyncOpKit.swift; sourceTree = "<group>"; };
		8516EFB61BA10B9B0079ADB8 /* Info.plist */ = {isa = PBXFileReference; fileEncoding = 4; lastKnownFileType = text.plist.xml; name = Info.plist; path = ../AsyncOpKit/Info.plist; sourceTree = "<group>"; };
		8516EFB91BA10B9B0079ADB8 /* ClosureTestsFile.swift */ = {isa = PBXFileReference; fileEncoding = 4; lastKnownFileType = sourcecode.swift; path = ClosureTestsFile.swift; sourceTree = "<group>"; };
		8516EFBB1BA10B9B0079ADB8 /* Tests.swift */ = {isa = PBXFileReference; fileEncoding = 4; lastKnownFileType = sourcecode.swift; path = Tests.swift; sourceTree = "<group>"; };
		8516EFBD1BA10B9B0079ADB8 /* AsyncOpAutomaticInputTests.swift */ = {isa = PBXFileReference; fileEncoding = 4; lastKnownFileType = sourcecode.swift; path = AsyncOpAutomaticInputTests.swift; sourceTree = "<group>"; };
		8516EFBE1BA10B9B0079ADB8 /* AsyncOpFinishOverloadsTesting.swift */ = {isa = PBXFileReference; fileEncoding = 4; lastKnownFileType = sourcecode.swift; path = AsyncOpFinishOverloadsTesting.swift; sourceTree = "<group>"; };
		8516EFBF1BA10B9B0079ADB8 /* AsyncOpManualInputTests.swift */ = {isa = PBXFileReference; fileEncoding = 4; lastKnownFileType = sourcecode.swift; path = AsyncOpManualInputTests.swift; sourceTree = "<group>"; };
		8516EFC01BA10B9B0079ADB8 /* AsyncOpPreconditionEvaluatorTests.swift */ = {isa = PBXFileReference; fileEncoding = 4; lastKnownFileType = sourcecode.swift; path = AsyncOpPreconditionEvaluatorTests.swift; sourceTree = "<group>"; };
		8516EFC11BA10B9B0079ADB8 /* AsyncOpResultStatusTests.swift */ = {isa = PBXFileReference; fileEncoding = 4; lastKnownFileType = sourcecode.swift; path = AsyncOpResultStatusTests.swift; sourceTree = "<group>"; };
		8516EFC21BA10B9B0079ADB8 /* AsyncOpSubclass.swift */ = {isa = PBXFileReference; fileEncoding = 4; lastKnownFileType = sourcecode.swift; path = AsyncOpSubclass.swift; sourceTree = "<group>"; };
		8516EFC31BA10B9B0079ADB8 /* AsyncOpTests.swift */ = {isa = PBXFileReference; fileEncoding = 4; lastKnownFileType = sourcecode.swift; path = AsyncOpTests.swift; sourceTree = "<group>"; };
		8516EFC41BA10B9B0079ADB8 /* AsyncOpThrowTests.swift */ = {isa = PBXFileReference; fileEncoding = 4; lastKnownFileType = sourcecode.swift; path = AsyncOpThrowTests.swift; sourceTree = "<group>"; };
		8516EFC51BA10B9B0079ADB8 /* AsyncOpWhenFinished.swift */ = {isa = PBXFileReference; fileEncoding = 4; lastKnownFileType = sourcecode.swift; path = AsyncOpWhenFinished.swift; sourceTree = "<group>"; };
		8516EFE71BA10DFC0079ADB8 /* Info.plist */ = {isa = PBXFileReference; fileEncoding = 4; lastKnownFileType = text.plist.xml; path = Info.plist; sourceTree = "<group>"; };
		85992A721C27A7AB00074473 /* Nimble.framework */ = {isa = PBXFileReference; lastKnownFileType = wrapper.framework; name = Nimble.framework; path = "Carthage/Checkouts/Nimble/build/Debug-iphoneos/Nimble.framework"; sourceTree = SOURCE_ROOT; };
		85992A741C27A7B700074473 /* Quick.framework */ = {isa = PBXFileReference; lastKnownFileType = wrapper.framework; name = Quick.framework; path = "Carthage/Checkouts/Quick/build/Debug-iphoneos/Quick.framework"; sourceTree = SOURCE_ROOT; };
		85A678A71C16625E00512283 /* AsyncOpKit.h */ = {isa = PBXFileReference; fileEncoding = 4; lastKnownFileType = sourcecode.c.h; path = AsyncOpKit.h; sourceTree = "<group>"; };
		85BE3E4B1B2CBDAE00558DEC /* AsyncOpKit.framework */ = {isa = PBXFileReference; explicitFileType = wrapper.framework; includeInIndex = 0; path = AsyncOpKit.framework; sourceTree = BUILT_PRODUCTS_DIR; };
		85BE3E561B2CBDAE00558DEC /* AsyncOpKitTests.xctest */ = {isa = PBXFileReference; explicitFileType = wrapper.cfbundle; includeInIndex = 0; path = AsyncOpKitTests.xctest; sourceTree = BUILT_PRODUCTS_DIR; };
/* End PBXFileReference section */

/* Begin PBXFrameworksBuildPhase section */
		85BE3E471B2CBDAE00558DEC /* Frameworks */ = {
			isa = PBXFrameworksBuildPhase;
			buildActionMask = 2147483647;
			files = (
			);
			runOnlyForDeploymentPostprocessing = 0;
		};
		85BE3E531B2CBDAE00558DEC /* Frameworks */ = {
			isa = PBXFrameworksBuildPhase;
			buildActionMask = 2147483647;
			files = (
				85992A731C27A7AB00074473 /* Nimble.framework in Frameworks */,
				85992A751C27A7B700074473 /* Quick.framework in Frameworks */,
			);
			runOnlyForDeploymentPostprocessing = 0;
		};
/* End PBXFrameworksBuildPhase section */

/* Begin PBXGroup section */
		850DD1D41B2D6CE20039EB71 /* Metadata */ = {
			isa = PBXGroup;
			children = (
				850DD1D11B2D6CD40039EB71 /* AsyncOpKit.podspec */,
				850DD1D21B2D6CD40039EB71 /* LICENSE */,
				850DD1D31B2D6CD40039EB71 /* README.md */,
				85A678A71C16625E00512283 /* AsyncOpKit.h */,
			);
			name = Metadata;
			sourceTree = "<group>";
		};
		8516EFB21BA10B9B0079ADB8 /* Legacy */ = {
			isa = PBXGroup;
			children = (
				8516EFB41BA10B9B0079ADB8 /* AsyncOperation.swift */,
				8516EFB31BA10B9B0079ADB8 /* AsyncClosuresOperation.swift */,
				8516EFB51BA10B9B0079ADB8 /* AsyncOpKit.swift */,
				8516EFB61BA10B9B0079ADB8 /* Info.plist */,
			);
			path = Legacy;
			sourceTree = "<group>";
		};
		8516EFB71BA10B9B0079ADB8 /* Tests */ = {
			isa = PBXGroup;
			children = (
				8516EFE71BA10DFC0079ADB8 /* Info.plist */,
				8516EFB81BA10B9B0079ADB8 /* AsyncOpKitTests */,
				8516EFBC1BA10B9B0079ADB8 /* AsyncOpTests */,
			);
			path = Tests;
			sourceTree = "<group>";
		};
		8516EFB81BA10B9B0079ADB8 /* AsyncOpKitTests */ = {
			isa = PBXGroup;
			children = (
				8516EFB91BA10B9B0079ADB8 /* ClosureTestsFile.swift */,
				8516EFBB1BA10B9B0079ADB8 /* Tests.swift */,
			);
			path = AsyncOpKitTests;
			sourceTree = "<group>";
		};
		8516EFBC1BA10B9B0079ADB8 /* AsyncOpTests */ = {
			isa = PBXGroup;
			children = (
				8516EFBD1BA10B9B0079ADB8 /* AsyncOpAutomaticInputTests.swift */,
				8516EFBE1BA10B9B0079ADB8 /* AsyncOpFinishOverloadsTesting.swift */,
				8516EFBF1BA10B9B0079ADB8 /* AsyncOpManualInputTests.swift */,
				8516EFC01BA10B9B0079ADB8 /* AsyncOpPreconditionEvaluatorTests.swift */,
				8516EFC11BA10B9B0079ADB8 /* AsyncOpResultStatusTests.swift */,
				8516EFC21BA10B9B0079ADB8 /* AsyncOpSubclass.swift */,
				8516EFC31BA10B9B0079ADB8 /* AsyncOpTests.swift */,
				8516EFC41BA10B9B0079ADB8 /* AsyncOpThrowTests.swift */,
				8516EFC51BA10B9B0079ADB8 /* AsyncOpWhenFinished.swift */,
				850B0F761BBCCBD800553E91 /* AsyncOpGroupTests.swift */,
			);
			path = AsyncOpTests;
			sourceTree = "<group>";
		};
		85A678A01C165F6E00512283 /* Frameworks */ = {
			isa = PBXGroup;
			children = (
				85992A741C27A7B700074473 /* Quick.framework */,
				85992A721C27A7AB00074473 /* Nimble.framework */,
			);
			name = Frameworks;
			sourceTree = "<group>";
		};
		85BE3E411B2CBDAE00558DEC = {
			isa = PBXGroup;
			children = (
				850DD1D41B2D6CE20039EB71 /* Metadata */,
				8516EFB01BA10B9B0079ADB8 /* AsyncOp.swift */,
				850B0F741BBCCB9C00553E91 /* AsyncOpGroup.swift */,
				8516EFB11BA10B9B0079ADB8 /* AsyncOpTypes.swift */,
				8516EFB21BA10B9B0079ADB8 /* Legacy */,
				8516EFB71BA10B9B0079ADB8 /* Tests */,
				85A678A01C165F6E00512283 /* Frameworks */,
				85BE3E4C1B2CBDAE00558DEC /* Products */,
			);
			sourceTree = "<group>";
		};
		85BE3E4C1B2CBDAE00558DEC /* Products */ = {
			isa = PBXGroup;
			children = (
				85BE3E4B1B2CBDAE00558DEC /* AsyncOpKit.framework */,
				85BE3E561B2CBDAE00558DEC /* AsyncOpKitTests.xctest */,
			);
			name = Products;
			sourceTree = "<group>";
		};
/* End PBXGroup section */

/* Begin PBXHeadersBuildPhase section */
		85BE3E481B2CBDAE00558DEC /* Headers */ = {
			isa = PBXHeadersBuildPhase;
			buildActionMask = 2147483647;
			files = (
				85A678A81C16625E00512283 /* AsyncOpKit.h in Headers */,
			);
			runOnlyForDeploymentPostprocessing = 0;
		};
/* End PBXHeadersBuildPhase section */

/* Begin PBXNativeTarget section */
		85BE3E4A1B2CBDAE00558DEC /* AsyncOpKit */ = {
			isa = PBXNativeTarget;
			buildConfigurationList = 85BE3E611B2CBDAE00558DEC /* Build configuration list for PBXNativeTarget "AsyncOpKit" */;
			buildPhases = (
				85BE3E461B2CBDAE00558DEC /* Sources */,
				85BE3E471B2CBDAE00558DEC /* Frameworks */,
				85BE3E481B2CBDAE00558DEC /* Headers */,
				85BE3E491B2CBDAE00558DEC /* Resources */,
			);
			buildRules = (
			);
			dependencies = (
			);
			name = AsyncOpKit;
			productName = AsyncOpKit;
			productReference = 85BE3E4B1B2CBDAE00558DEC /* AsyncOpKit.framework */;
			productType = "com.apple.product-type.framework";
		};
		85BE3E551B2CBDAE00558DEC /* AsyncOpKitTests */ = {
			isa = PBXNativeTarget;
			buildConfigurationList = 85BE3E641B2CBDAE00558DEC /* Build configuration list for PBXNativeTarget "AsyncOpKitTests" */;
			buildPhases = (
				85BE3E521B2CBDAE00558DEC /* Sources */,
				85BE3E531B2CBDAE00558DEC /* Frameworks */,
				85BE3E541B2CBDAE00558DEC /* Resources */,
			);
			buildRules = (
			);
			dependencies = (
				85BE3E591B2CBDAE00558DEC /* PBXTargetDependency */,
			);
			name = AsyncOpKitTests;
			productName = AsyncOpKitTests;
			productReference = 85BE3E561B2CBDAE00558DEC /* AsyncOpKitTests.xctest */;
			productType = "com.apple.product-type.bundle.unit-test";
		};
/* End PBXNativeTarget section */

/* Begin PBXProject section */
		85BE3E421B2CBDAE00558DEC /* Project object */ = {
			isa = PBXProject;
			attributes = {
				LastSwiftMigration = 0700;
				LastSwiftUpdateCheck = 0700;
				LastUpgradeCheck = 0700;
				ORGANIZATIONNAME = "Magic App Factory";
				TargetAttributes = {
					85BE3E4A1B2CBDAE00558DEC = {
						CreatedOnToolsVersion = 6.3.2;
					};
					85BE3E551B2CBDAE00558DEC = {
						CreatedOnToolsVersion = 6.3.2;
					};
				};
			};
			buildConfigurationList = 85BE3E451B2CBDAE00558DEC /* Build configuration list for PBXProject "AsyncOpKit" */;
			compatibilityVersion = "Xcode 3.2";
			developmentRegion = English;
			hasScannedForEncodings = 0;
			knownRegions = (
				en,
			);
			mainGroup = 85BE3E411B2CBDAE00558DEC;
			productRefGroup = 85BE3E4C1B2CBDAE00558DEC /* Products */;
			projectDirPath = "";
			projectRoot = "";
			targets = (
				85BE3E4A1B2CBDAE00558DEC /* AsyncOpKit */,
				85BE3E551B2CBDAE00558DEC /* AsyncOpKitTests */,
			);
		};
/* End PBXProject section */

/* Begin PBXResourcesBuildPhase section */
		85BE3E491B2CBDAE00558DEC /* Resources */ = {
			isa = PBXResourcesBuildPhase;
			buildActionMask = 2147483647;
			files = (
			);
			runOnlyForDeploymentPostprocessing = 0;
		};
		85BE3E541B2CBDAE00558DEC /* Resources */ = {
			isa = PBXResourcesBuildPhase;
			buildActionMask = 2147483647;
			files = (
			);
			runOnlyForDeploymentPostprocessing = 0;
		};
/* End PBXResourcesBuildPhase section */

/* Begin PBXSourcesBuildPhase section */
		85BE3E461B2CBDAE00558DEC /* Sources */ = {
			isa = PBXSourcesBuildPhase;
			buildActionMask = 2147483647;
			files = (
				8516EFC71BA10B9B0079ADB8 /* AsyncOp.swift in Sources */,
				850B0F751BBCCB9C00553E91 /* AsyncOpGroup.swift in Sources */,
				8516EFCB1BA10B9B0079ADB8 /* AsyncOpKit.swift in Sources */,
				8516EFC91BA10B9B0079ADB8 /* AsyncClosuresOperation.swift in Sources */,
				8516EFCA1BA10B9B0079ADB8 /* AsyncOperation.swift in Sources */,
				8516EFC81BA10B9B0079ADB8 /* AsyncOpTypes.swift in Sources */,
			);
			runOnlyForDeploymentPostprocessing = 0;
		};
		85BE3E521B2CBDAE00558DEC /* Sources */ = {
			isa = PBXSourcesBuildPhase;
			buildActionMask = 2147483647;
			files = (
				8516EFE31BA10BB30079ADB8 /* AsyncOpThrowTests.swift in Sources */,
				8516EFE01BA10BB30079ADB8 /* AsyncOpResultStatusTests.swift in Sources */,
				8516EFDC1BA10BB30079ADB8 /* AsyncOpAutomaticInputTests.swift in Sources */,
				8516EFDD1BA10BB30079ADB8 /* AsyncOpFinishOverloadsTesting.swift in Sources */,
				8516EFDA1BA10BAE0079ADB8 /* ClosureTestsFile.swift in Sources */,
				8516EFDE1BA10BB30079ADB8 /* AsyncOpManualInputTests.swift in Sources */,
				8516EFE21BA10BB30079ADB8 /* AsyncOpTests.swift in Sources */,
				8516EFE11BA10BB30079ADB8 /* AsyncOpSubclass.swift in Sources */,
				8516EFDB1BA10BAE0079ADB8 /* Tests.swift in Sources */,
				8516EFE41BA10BB30079ADB8 /* AsyncOpWhenFinished.swift in Sources */,
				8516EFDF1BA10BB30079ADB8 /* AsyncOpPreconditionEvaluatorTests.swift in Sources */,
				850B0F781BBCCBD800553E91 /* AsyncOpGroupTests.swift in Sources */,
			);
			runOnlyForDeploymentPostprocessing = 0;
		};
/* End PBXSourcesBuildPhase section */

/* Begin PBXTargetDependency section */
		85BE3E591B2CBDAE00558DEC /* PBXTargetDependency */ = {
			isa = PBXTargetDependency;
			target = 85BE3E4A1B2CBDAE00558DEC /* AsyncOpKit */;
			targetProxy = 85BE3E581B2CBDAE00558DEC /* PBXContainerItemProxy */;
		};
/* End PBXTargetDependency section */

/* Begin XCBuildConfiguration section */
		85BE3E5F1B2CBDAE00558DEC /* Debug */ = {
			isa = XCBuildConfiguration;
			buildSettings = {
				ALWAYS_SEARCH_USER_PATHS = NO;
				CLANG_CXX_LANGUAGE_STANDARD = "gnu++0x";
				CLANG_CXX_LIBRARY = "libc++";
				CLANG_ENABLE_MODULES = YES;
				CLANG_ENABLE_OBJC_ARC = YES;
				CLANG_WARN_BOOL_CONVERSION = YES;
				CLANG_WARN_CONSTANT_CONVERSION = YES;
				CLANG_WARN_DIRECT_OBJC_ISA_USAGE = YES_ERROR;
				CLANG_WARN_EMPTY_BODY = YES;
				CLANG_WARN_ENUM_CONVERSION = YES;
				CLANG_WARN_INT_CONVERSION = YES;
				CLANG_WARN_OBJC_ROOT_CLASS = YES_ERROR;
				CLANG_WARN_UNREACHABLE_CODE = YES;
				CLANG_WARN__DUPLICATE_METHOD_MATCH = YES;
				"CODE_SIGN_IDENTITY[sdk=iphoneos*]" = "iPhone Developer";
				COPY_PHASE_STRIP = NO;
				CURRENT_PROJECT_VERSION = 1;
				DEBUG_INFORMATION_FORMAT = "dwarf-with-dsym";
				ENABLE_STRICT_OBJC_MSGSEND = YES;
				ENABLE_TESTABILITY = YES;
				GCC_C_LANGUAGE_STANDARD = gnu99;
				GCC_DYNAMIC_NO_PIC = NO;
				GCC_NO_COMMON_BLOCKS = YES;
				GCC_OPTIMIZATION_LEVEL = 0;
				GCC_PREPROCESSOR_DEFINITIONS = (
					"DEBUG=1",
					"$(inherited)",
				);
				GCC_SYMBOLS_PRIVATE_EXTERN = NO;
				GCC_WARN_64_TO_32_BIT_CONVERSION = YES;
				GCC_WARN_ABOUT_RETURN_TYPE = YES_ERROR;
				GCC_WARN_UNDECLARED_SELECTOR = YES;
				GCC_WARN_UNINITIALIZED_AUTOS = YES_AGGRESSIVE;
				GCC_WARN_UNUSED_FUNCTION = YES;
				GCC_WARN_UNUSED_VARIABLE = YES;
				IPHONEOS_DEPLOYMENT_TARGET = 8.0;
				MTL_ENABLE_DEBUG_INFO = YES;
				ONLY_ACTIVE_ARCH = YES;
				SDKROOT = iphoneos;
				SWIFT_OPTIMIZATION_LEVEL = "-Onone";
				TARGETED_DEVICE_FAMILY = "1,2";
				VERSIONING_SYSTEM = "apple-generic";
				VERSION_INFO_PREFIX = "";
			};
			name = Debug;
		};
		85BE3E601B2CBDAE00558DEC /* Release */ = {
			isa = XCBuildConfiguration;
			buildSettings = {
				ALWAYS_SEARCH_USER_PATHS = NO;
				CLANG_CXX_LANGUAGE_STANDARD = "gnu++0x";
				CLANG_CXX_LIBRARY = "libc++";
				CLANG_ENABLE_MODULES = YES;
				CLANG_ENABLE_OBJC_ARC = YES;
				CLANG_WARN_BOOL_CONVERSION = YES;
				CLANG_WARN_CONSTANT_CONVERSION = YES;
				CLANG_WARN_DIRECT_OBJC_ISA_USAGE = YES_ERROR;
				CLANG_WARN_EMPTY_BODY = YES;
				CLANG_WARN_ENUM_CONVERSION = YES;
				CLANG_WARN_INT_CONVERSION = YES;
				CLANG_WARN_OBJC_ROOT_CLASS = YES_ERROR;
				CLANG_WARN_UNREACHABLE_CODE = YES;
				CLANG_WARN__DUPLICATE_METHOD_MATCH = YES;
				"CODE_SIGN_IDENTITY[sdk=iphoneos*]" = "iPhone Developer";
				COPY_PHASE_STRIP = NO;
				CURRENT_PROJECT_VERSION = 1;
				DEBUG_INFORMATION_FORMAT = "dwarf-with-dsym";
				ENABLE_NS_ASSERTIONS = NO;
				ENABLE_STRICT_OBJC_MSGSEND = YES;
				GCC_C_LANGUAGE_STANDARD = gnu99;
				GCC_NO_COMMON_BLOCKS = YES;
				GCC_WARN_64_TO_32_BIT_CONVERSION = YES;
				GCC_WARN_ABOUT_RETURN_TYPE = YES_ERROR;
				GCC_WARN_UNDECLARED_SELECTOR = YES;
				GCC_WARN_UNINITIALIZED_AUTOS = YES_AGGRESSIVE;
				GCC_WARN_UNUSED_FUNCTION = YES;
				GCC_WARN_UNUSED_VARIABLE = YES;
				IPHONEOS_DEPLOYMENT_TARGET = 8.0;
				MTL_ENABLE_DEBUG_INFO = NO;
				SDKROOT = iphoneos;
				TARGETED_DEVICE_FAMILY = "1,2";
				VALIDATE_PRODUCT = YES;
				VERSIONING_SYSTEM = "apple-generic";
				VERSION_INFO_PREFIX = "";
			};
			name = Release;
		};
		85BE3E621B2CBDAE00558DEC /* Debug */ = {
			isa = XCBuildConfiguration;
			buildSettings = {
				CLANG_ENABLE_MODULES = YES;
				DEFINES_MODULE = YES;
				DYLIB_COMPATIBILITY_VERSION = 1;
				DYLIB_CURRENT_VERSION = 1;
				DYLIB_INSTALL_NAME_BASE = "@rpath";
				ENABLE_TESTABILITY = YES;
				INFOPLIST_FILE = AsyncOpKit/Info.plist;
				INSTALL_PATH = "$(LOCAL_LIBRARY_DIR)/Frameworks";
				LD_RUNPATH_SEARCH_PATHS = "$(inherited) @executable_path/Frameworks @loader_path/Frameworks";
				PRODUCT_BUNDLE_IDENTIFIER = "com.magicappfactory.$(PRODUCT_NAME:rfc1034identifier)";
				PRODUCT_NAME = "$(TARGET_NAME)";
				SKIP_INSTALL = YES;
				SWIFT_OPTIMIZATION_LEVEL = "-Onone";
			};
			name = Debug;
		};
		85BE3E631B2CBDAE00558DEC /* Release */ = {
			isa = XCBuildConfiguration;
			buildSettings = {
				CLANG_ENABLE_MODULES = YES;
				DEFINES_MODULE = YES;
				DYLIB_COMPATIBILITY_VERSION = 1;
				DYLIB_CURRENT_VERSION = 1;
				DYLIB_INSTALL_NAME_BASE = "@rpath";
				ENABLE_TESTABILITY = NO;
				INFOPLIST_FILE = AsyncOpKit/Info.plist;
				INSTALL_PATH = "$(LOCAL_LIBRARY_DIR)/Frameworks";
				LD_RUNPATH_SEARCH_PATHS = "$(inherited) @executable_path/Frameworks @loader_path/Frameworks";
				PRODUCT_BUNDLE_IDENTIFIER = "com.magicappfactory.$(PRODUCT_NAME:rfc1034identifier)";
				PRODUCT_NAME = "$(TARGET_NAME)";
				SKIP_INSTALL = YES;
				SWIFT_OPTIMIZATION_LEVEL = "-Owholemodule";
			};
			name = Release;
		};
		85BE3E651B2CBDAE00558DEC /* Debug */ = {
			isa = XCBuildConfiguration;
			buildSettings = {
				FRAMEWORK_SEARCH_PATHS = "$(inherited)";
				GCC_PREPROCESSOR_DEFINITIONS = (
					"DEBUG=1",
					"$(inherited)",
				);
				INFOPLIST_FILE = Tests/Info.plist;
				LD_RUNPATH_SEARCH_PATHS = "$(inherited) @executable_path/Frameworks @loader_path/Frameworks";
				PRODUCT_BUNDLE_IDENTIFIER = "com.magicappfactory.$(PRODUCT_NAME:rfc1034identifier)";
				PRODUCT_NAME = "$(TARGET_NAME)";
			};
			name = Debug;
		};
		85BE3E661B2CBDAE00558DEC /* Release */ = {
			isa = XCBuildConfiguration;
			buildSettings = {
				FRAMEWORK_SEARCH_PATHS = "$(inherited)";
				INFOPLIST_FILE = Tests/Info.plist;
				LD_RUNPATH_SEARCH_PATHS = "$(inherited) @executable_path/Frameworks @loader_path/Frameworks";
				PRODUCT_BUNDLE_IDENTIFIER = "com.magicappfactory.$(PRODUCT_NAME:rfc1034identifier)";
				PRODUCT_NAME = "$(TARGET_NAME)";
			};
			name = Release;
		};
/* End XCBuildConfiguration section */

/* Begin XCConfigurationList section */
		85BE3E451B2CBDAE00558DEC /* Build configuration list for PBXProject "AsyncOpKit" */ = {
			isa = XCConfigurationList;
			buildConfigurations = (
				85BE3E5F1B2CBDAE00558DEC /* Debug */,
				85BE3E601B2CBDAE00558DEC /* Release */,
			);
			defaultConfigurationIsVisible = 0;
			defaultConfigurationName = Release;
		};
		85BE3E611B2CBDAE00558DEC /* Build configuration list for PBXNativeTarget "AsyncOpKit" */ = {
			isa = XCConfigurationList;
			buildConfigurations = (
				85BE3E621B2CBDAE00558DEC /* Debug */,
				85BE3E631B2CBDAE00558DEC /* Release */,
			);
			defaultConfigurationIsVisible = 0;
			defaultConfigurationName = Release;
		};
		85BE3E641B2CBDAE00558DEC /* Build configuration list for PBXNativeTarget "AsyncOpKitTests" */ = {
			isa = XCConfigurationList;
			buildConfigurations = (
				85BE3E651B2CBDAE00558DEC /* Debug */,
				85BE3E661B2CBDAE00558DEC /* Release */,
			);
			defaultConfigurationIsVisible = 0;
			defaultConfigurationName = Release;
		};
/* End XCConfigurationList section */
	};
	rootObject = 85BE3E421B2CBDAE00558DEC /* Project object */;
}
