PODS:
  - Nimble (4.0.1)
  - Quick (0.9.2)

DEPENDENCIES:
  - Nimble (from `https://github.com/Quick/Nimble.git`)
  - Quick

EXTERNAL SOURCES:
  Nimble:
    :git: https://github.com/Quick/Nimble.git

CHECKOUT OPTIONS:
  Nimble:
    :commit: f24eac653b32a20b6c0f1d92c964ddd1adadfffc
    :git: https://github.com/Quick/Nimble.git

SPEC CHECKSUMS:
  Nimble: 0f3c8b8b084cda391209c3c5efbb48bedeeb920a
  Quick: 18d057bc66451eedd5d1c8dc99ba2a5db6e60226

PODFILE CHECKSUM: 6ca433957ab377eab3b7cb9389afcf84a2663979

COCOAPODS: 1.0.0
